
Microsoft Visual Studio Solution File, Format Version 12.00
# Visual Studio Version 17
VisualStudioVersion = 17.14.36915.13 d17.14
MinimumVisualStudioVersion = 10.0.40219.1
Project("{FAE04EC0-301F-11D3-BF4B-00C04F79EFBC}") = "PdfProcess.Data", "PdfProcess.Data\PdfProcess.Data.csproj", "{FD2E9C75-8548-4BAF-9D18-38A7B0DCD488}"
EndProject
Global
	GlobalSection(SolutionConfigurationPlatforms) = preSolution
		Debug|Any CPU = Debug|Any CPU
		Release|Any CPU = Release|Any CPU
	EndGlobalSection
	GlobalSection(ProjectConfigurationPlatforms) = postSolution
		{FD2E9C75-8548-4BAF-9D18-38A7B0DCD488}.Debug|Any CPU.ActiveCfg = Debug|Any CPU
		{FD2E9C75-8548-4BAF-9D18-38A7B0DCD488}.Debug|Any CPU.Build.0 = Debug|Any CPU
		{FD2E9C75-8548-4BAF-9D18-38A7B0DCD488}.Release|Any CPU.ActiveCfg = Release|Any CPU
		{FD2E9C75-8548-4BAF-9D18-38A7B0DCD488}.Release|Any CPU.Build.0 = Release|Any CPU
	EndGlobalSection
	GlobalSection(SolutionProperties) = preSolution
		HideSolutionNode = FALSE
	EndGlobalSection
	GlobalSection(ExtensibilityGlobals) = postSolution
		SolutionGuid = {0919247D-C983-477E-95B4-28709A74B2F0}
	EndGlobalSection
EndGlobal
