
Microsoft Visual Studio Solution File, Format Version 12.00
# Visual Studio Version 17
VisualStudioVersion = 17.14.36915.13
MinimumVisualStudioVersion = 10.0.40219.1
Project("{FAE04EC0-301F-11D3-BF4B-00C04F79EFBC}") = "PdfProcess.RabbitMq", "PdfProcess.RabbitMq.csproj", "{A34A4797-019C-4EF8-AD17-0B3D3A10FAC1}"
EndProject
Global
	GlobalSection(SolutionConfigurationPlatforms) = preSolution
		Debug|Any CPU = Debug|Any CPU
		Release|Any CPU = Release|Any CPU
	EndGlobalSection
	GlobalSection(ProjectConfigurationPlatforms) = postSolution
		{A34A4797-019C-4EF8-AD17-0B3D3A10FAC1}.Debug|Any CPU.ActiveCfg = Debug|Any CPU
		{A34A4797-019C-4EF8-AD17-0B3D3A10FAC1}.Debug|Any CPU.Build.0 = Debug|Any CPU
		{A34A4797-019C-4EF8-AD17-0B3D3A10FAC1}.Release|Any CPU.ActiveCfg = Release|Any CPU
		{A34A4797-019C-4EF8-AD17-0B3D3A10FAC1}.Release|Any CPU.Build.0 = Release|Any CPU
	EndGlobalSection
	GlobalSection(SolutionProperties) = preSolution
		HideSolutionNode = FALSE
	EndGlobalSection
	GlobalSection(ExtensibilityGlobals) = postSolution
		SolutionGuid = {7386BC7F-3330-44FC-90DF-BE8C6CD66885}
	EndGlobalSection
EndGlobal
